
Microsoft Visual Studio Solution File, Format Version 12.00
# Visual Studio Version 17
VisualStudioVersion = 17.12.35527.113
MinimumVisualStudioVersion = 10.0.40219.1
Project("{FAE04EC0-301F-11D3-BF4B-00C04F79EFBC}") = "Day01", "Day01\Day01.csproj", "{0ABE5A41-425F-4B0B-AC2F-009A9AA4994A}"
EndProject
Project("{FAE04EC0-301F-11D3-BF4B-00C04F79EFBC}") = "Day02", "Day02\Day02.csproj", "{3BF0EDEB-403D-40FF-BBCC-35DCD3E50330}"
EndProject
Project("{FAE04EC0-301F-11D3-BF4B-00C04F79EFBC}") = "Day03", "Day03\Day03.csproj", "{40750B6C-A99B-4A22-B8B2-C44768C2A231}"
EndProject
Project("{FAE04EC0-301F-11D3-BF4B-00C04F79EFBC}") = "Day04", "Day04\Day04.csproj", "{12EF64B1-02BF-472E-AD0A-B204D0772634}"
EndProject
Project("{FAE04EC0-301F-11D3-BF4B-00C04F79EFBC}") = "Day05", "Day05\Day05.csproj", "{1CD8B9B2-160E-4CCC-86E8-B9F03C0CF36B}"
EndProject
Project("{FAE04EC0-301F-11D3-BF4B-00C04F79EFBC}") = "Day06", "Day06\Day06.csproj", "{4D344C6A-D01C-4F31-9C81-88B41ECCDC7E}"
EndProject
Project("{FAE04EC0-301F-11D3-BF4B-00C04F79EFBC}") = "Day07", "Day07\Day07.csproj", "{8F37F01F-F852-4142-83FE-EC19675E1265}"
EndProject
Project("{FAE04EC0-301F-11D3-BF4B-00C04F79EFBC}") = "Day08", "Day08\Day08.csproj", "{D4328A00-2292-4D8C-A78A-5E1B00D451FB}"
EndProject
Project("{FAE04EC0-301F-11D3-BF4B-00C04F79EFBC}") = "Day09", "Day09\Day09.csproj", "{60B0301F-937D-44D4-B7A8-CCD6EE5127B0}"
EndProject
Project("{FAE04EC0-301F-11D3-BF4B-00C04F79EFBC}") = "Day10", "Day10\Day10.csproj", "{8E0DAD00-7D62-436E-961C-2EC8905B8059}"
EndProject
Project("{FAE04EC0-301F-11D3-BF4B-00C04F79EFBC}") = "Day11", "Day11\Day11.csproj", "{1B147CBA-2D59-4C6C-8016-428F4754D47E}"
EndProject
Project("{FAE04EC0-301F-11D3-BF4B-00C04F79EFBC}") = "Day12", "Day12\Day12.csproj", "{BF3237E2-19C6-4E98-BD76-4DD4FC61FED7}"
EndProject
Project("{FAE04EC0-301F-11D3-BF4B-00C04F79EFBC}") = "Day13", "Day13\Day13.csproj", "{ED4E25AC-2636-44B4-B4F3-447A9086B16C}"
EndProject
Project("{FAE04EC0-301F-11D3-BF4B-00C04F79EFBC}") = "Day14", "Day14\Day14.csproj", "{40300FAA-9F67-4E0D-BDA4-608ACE6CF9A3}"
EndProject
Project("{FAE04EC0-301F-11D3-BF4B-00C04F79EFBC}") = "Day15", "Day15\Day15.csproj", "{462BA235-0E88-4926-BD95-8DEAED0D0C66}"
EndProject
Project("{FAE04EC0-301F-11D3-BF4B-00C04F79EFBC}") = "Day16", "Day16\Day16.csproj", "{0E5A0DB2-2F5B-44AD-842B-EB43CD0101A6}"
EndProject
Project("{FAE04EC0-301F-11D3-BF4B-00C04F79EFBC}") = "Day17", "Day17\Day17.csproj", "{B13DFB27-A392-4C12-8E73-C68B4DA03AEE}"
EndProject
Project("{FAE04EC0-301F-11D3-BF4B-00C04F79EFBC}") = "Day18", "Day18\Day18.csproj", "{29F4559E-826C-4C1B-8C87-DF0BF4ED65BB}"
EndProject
Project("{FAE04EC0-301F-11D3-BF4B-00C04F79EFBC}") = "Day19", "Day19\Day19.csproj", "{B2F136B3-9F5E-47BB-8DAC-35945BFF3C2D}"
EndProject
Project("{FAE04EC0-301F-11D3-BF4B-00C04F79EFBC}") = "Day20", "Day20\Day20.csproj", "{6D770458-61B9-4774-AC65-4179F38BF131}"
EndProject
Project("{FAE04EC0-301F-11D3-BF4B-00C04F79EFBC}") = "Day21", "Day21\Day21.csproj", "{4220E76E-DFC3-4E45-8324-4F330E36265C}"
EndProject
Project("{FAE04EC0-301F-11D3-BF4B-00C04F79EFBC}") = "Day22", "Day22\Day22.csproj", "{0AC5250B-0805-4324-B21A-864D5F8840C9}"
EndProject
Project("{FAE04EC0-301F-11D3-BF4B-00C04F79EFBC}") = "Day23", "Day23\Day23.csproj", "{D67444FA-5BFF-4D68-966C-EADE1E01CF28}"
EndProject
Project("{FAE04EC0-301F-11D3-BF4B-00C04F79EFBC}") = "Day24", "Day24\Day24.csproj", "{BF4615CA-5493-4259-8A9A-B4EB72760B47}"
EndProject
Project("{FAE04EC0-301F-11D3-BF4B-00C04F79EFBC}") = "Day25", "Day25\Day25.csproj", "{A7BF15B4-A6FA-44B5-9567-35391CFCDB5A}"
EndProject
Global
	GlobalSection(SolutionConfigurationPlatforms) = preSolution
		Debug|Any CPU = Debug|Any CPU
		Release|Any CPU = Release|Any CPU
	EndGlobalSection
	GlobalSection(ProjectConfigurationPlatforms) = postSolution
		{0ABE5A41-425F-4B0B-AC2F-009A9AA4994A}.Debug|Any CPU.ActiveCfg = Debug|Any CPU
		{0ABE5A41-425F-4B0B-AC2F-009A9AA4994A}.Debug|Any CPU.Build.0 = Debug|Any CPU
		{0ABE5A41-425F-4B0B-AC2F-009A9AA4994A}.Release|Any CPU.ActiveCfg = Release|Any CPU
		{0ABE5A41-425F-4B0B-AC2F-009A9AA4994A}.Release|Any CPU.Build.0 = Release|Any CPU
		{3BF0EDEB-403D-40FF-BBCC-35DCD3E50330}.Debug|Any CPU.ActiveCfg = Debug|Any CPU
		{3BF0EDEB-403D-40FF-BBCC-35DCD3E50330}.Debug|Any CPU.Build.0 = Debug|Any CPU
		{3BF0EDEB-403D-40FF-BBCC-35DCD3E50330}.Release|Any CPU.ActiveCfg = Release|Any CPU
		{3BF0EDEB-403D-40FF-BBCC-35DCD3E50330}.Release|Any CPU.Build.0 = Release|Any CPU
		{40750B6C-A99B-4A22-B8B2-C44768C2A231}.Debug|Any CPU.ActiveCfg = Debug|Any CPU
		{40750B6C-A99B-4A22-B8B2-C44768C2A231}.Debug|Any CPU.Build.0 = Debug|Any CPU
		{40750B6C-A99B-4A22-B8B2-C44768C2A231}.Release|Any CPU.ActiveCfg = Release|Any CPU
		{40750B6C-A99B-4A22-B8B2-C44768C2A231}.Release|Any CPU.Build.0 = Release|Any CPU
		{12EF64B1-02BF-472E-AD0A-B204D0772634}.Debug|Any CPU.ActiveCfg = Debug|Any CPU
		{12EF64B1-02BF-472E-AD0A-B204D0772634}.Debug|Any CPU.Build.0 = Debug|Any CPU
		{12EF64B1-02BF-472E-AD0A-B204D0772634}.Release|Any CPU.ActiveCfg = Release|Any CPU
		{12EF64B1-02BF-472E-AD0A-B204D0772634}.Release|Any CPU.Build.0 = Release|Any CPU
		{1CD8B9B2-160E-4CCC-86E8-B9F03C0CF36B}.Debug|Any CPU.ActiveCfg = Debug|Any CPU
		{1CD8B9B2-160E-4CCC-86E8-B9F03C0CF36B}.Debug|Any CPU.Build.0 = Debug|Any CPU
		{1CD8B9B2-160E-4CCC-86E8-B9F03C0CF36B}.Release|Any CPU.ActiveCfg = Release|Any CPU
		{1CD8B9B2-160E-4CCC-86E8-B9F03C0CF36B}.Release|Any CPU.Build.0 = Release|Any CPU
		{4D344C6A-D01C-4F31-9C81-88B41ECCDC7E}.Debug|Any CPU.ActiveCfg = Debug|Any CPU
		{4D344C6A-D01C-4F31-9C81-88B41ECCDC7E}.Debug|Any CPU.Build.0 = Debug|Any CPU
		{4D344C6A-D01C-4F31-9C81-88B41ECCDC7E}.Release|Any CPU.ActiveCfg = Release|Any CPU
		{4D344C6A-D01C-4F31-9C81-88B41ECCDC7E}.Release|Any CPU.Build.0 = Release|Any CPU
		{8F37F01F-F852-4142-83FE-EC19675E1265}.Debug|Any CPU.ActiveCfg = Debug|Any CPU
		{8F37F01F-F852-4142-83FE-EC19675E1265}.Debug|Any CPU.Build.0 = Debug|Any CPU
		{8F37F01F-F852-4142-83FE-EC19675E1265}.Release|Any CPU.ActiveCfg = Release|Any CPU
		{8F37F01F-F852-4142-83FE-EC19675E1265}.Release|Any CPU.Build.0 = Release|Any CPU
		{D4328A00-2292-4D8C-A78A-5E1B00D451FB}.Debug|Any CPU.ActiveCfg = Debug|Any CPU
		{D4328A00-2292-4D8C-A78A-5E1B00D451FB}.Debug|Any CPU.Build.0 = Debug|Any CPU
		{D4328A00-2292-4D8C-A78A-5E1B00D451FB}.Release|Any CPU.ActiveCfg = Release|Any CPU
		{D4328A00-2292-4D8C-A78A-5E1B00D451FB}.Release|Any CPU.Build.0 = Release|Any CPU
		{60B0301F-937D-44D4-B7A8-CCD6EE5127B0}.Debug|Any CPU.ActiveCfg = Debug|Any CPU
		{60B0301F-937D-44D4-B7A8-CCD6EE5127B0}.Debug|Any CPU.Build.0 = Debug|Any CPU
		{60B0301F-937D-44D4-B7A8-CCD6EE5127B0}.Release|Any CPU.ActiveCfg = Release|Any CPU
		{60B0301F-937D-44D4-B7A8-CCD6EE5127B0}.Release|Any CPU.Build.0 = Release|Any CPU
		{8E0DAD00-7D62-436E-961C-2EC8905B8059}.Debug|Any CPU.ActiveCfg = Debug|Any CPU
		{8E0DAD00-7D62-436E-961C-2EC8905B8059}.Debug|Any CPU.Build.0 = Debug|Any CPU
		{8E0DAD00-7D62-436E-961C-2EC8905B8059}.Release|Any CPU.ActiveCfg = Release|Any CPU
		{8E0DAD00-7D62-436E-961C-2EC8905B8059}.Release|Any CPU.Build.0 = Release|Any CPU
		{1B147CBA-2D59-4C6C-8016-428F4754D47E}.Debug|Any CPU.ActiveCfg = Debug|Any CPU
		{1B147CBA-2D59-4C6C-8016-428F4754D47E}.Debug|Any CPU.Build.0 = Debug|Any CPU
		{1B147CBA-2D59-4C6C-8016-428F4754D47E}.Release|Any CPU.ActiveCfg = Release|Any CPU
		{1B147CBA-2D59-4C6C-8016-428F4754D47E}.Release|Any CPU.Build.0 = Release|Any CPU
		{BF3237E2-19C6-4E98-BD76-4DD4FC61FED7}.Debug|Any CPU.ActiveCfg = Debug|Any CPU
		{BF3237E2-19C6-4E98-BD76-4DD4FC61FED7}.Debug|Any CPU.Build.0 = Debug|Any CPU
		{BF3237E2-19C6-4E98-BD76-4DD4FC61FED7}.Release|Any CPU.ActiveCfg = Release|Any CPU
		{BF3237E2-19C6-4E98-BD76-4DD4FC61FED7}.Release|Any CPU.Build.0 = Release|Any CPU
		{ED4E25AC-2636-44B4-B4F3-447A9086B16C}.Debug|Any CPU.ActiveCfg = Debug|Any CPU
		{ED4E25AC-2636-44B4-B4F3-447A9086B16C}.Debug|Any CPU.Build.0 = Debug|Any CPU
		{ED4E25AC-2636-44B4-B4F3-447A9086B16C}.Release|Any CPU.ActiveCfg = Release|Any CPU
		{ED4E25AC-2636-44B4-B4F3-447A9086B16C}.Release|Any CPU.Build.0 = Release|Any CPU
		{40300FAA-9F67-4E0D-BDA4-608ACE6CF9A3}.Debug|Any CPU.ActiveCfg = Debug|Any CPU
		{40300FAA-9F67-4E0D-BDA4-608ACE6CF9A3}.Debug|Any CPU.Build.0 = Debug|Any CPU
		{40300FAA-9F67-4E0D-BDA4-608ACE6CF9A3}.Release|Any CPU.ActiveCfg = Release|Any CPU
		{40300FAA-9F67-4E0D-BDA4-608ACE6CF9A3}.Release|Any CPU.Build.0 = Release|Any CPU
		{462BA235-0E88-4926-BD95-8DEAED0D0C66}.Debug|Any CPU.ActiveCfg = Debug|Any CPU
		{462BA235-0E88-4926-BD95-8DEAED0D0C66}.Debug|Any CPU.Build.0 = Debug|Any CPU
		{462BA235-0E88-4926-BD95-8DEAED0D0C66}.Release|Any CPU.ActiveCfg = Release|Any CPU
		{462BA235-0E88-4926-BD95-8DEAED0D0C66}.Release|Any CPU.Build.0 = Release|Any CPU
		{0E5A0DB2-2F5B-44AD-842B-EB43CD0101A6}.Debug|Any CPU.ActiveCfg = Debug|Any CPU
		{0E5A0DB2-2F5B-44AD-842B-EB43CD0101A6}.Debug|Any CPU.Build.0 = Debug|Any CPU
		{0E5A0DB2-2F5B-44AD-842B-EB43CD0101A6}.Release|Any CPU.ActiveCfg = Release|Any CPU
		{0E5A0DB2-2F5B-44AD-842B-EB43CD0101A6}.Release|Any CPU.Build.0 = Release|Any CPU
		{B13DFB27-A392-4C12-8E73-C68B4DA03AEE}.Debug|Any CPU.ActiveCfg = Debug|Any CPU
		{B13DFB27-A392-4C12-8E73-C68B4DA03AEE}.Debug|Any CPU.Build.0 = Debug|Any CPU
		{B13DFB27-A392-4C12-8E73-C68B4DA03AEE}.Release|Any CPU.ActiveCfg = Release|Any CPU
		{B13DFB27-A392-4C12-8E73-C68B4DA03AEE}.Release|Any CPU.Build.0 = Release|Any CPU
		{29F4559E-826C-4C1B-8C87-DF0BF4ED65BB}.Debug|Any CPU.ActiveCfg = Debug|Any CPU
		{29F4559E-826C-4C1B-8C87-DF0BF4ED65BB}.Debug|Any CPU.Build.0 = Debug|Any CPU
		{29F4559E-826C-4C1B-8C87-DF0BF4ED65BB}.Release|Any CPU.ActiveCfg = Release|Any CPU
		{29F4559E-826C-4C1B-8C87-DF0BF4ED65BB}.Release|Any CPU.Build.0 = Release|Any CPU
		{B2F136B3-9F5E-47BB-8DAC-35945BFF3C2D}.Debug|Any CPU.ActiveCfg = Debug|Any CPU
		{B2F136B3-9F5E-47BB-8DAC-35945BFF3C2D}.Debug|Any CPU.Build.0 = Debug|Any CPU
		{B2F136B3-9F5E-47BB-8DAC-35945BFF3C2D}.Release|Any CPU.ActiveCfg = Release|Any CPU
		{B2F136B3-9F5E-47BB-8DAC-35945BFF3C2D}.Release|Any CPU.Build.0 = Release|Any CPU
		{6D770458-61B9-4774-AC65-4179F38BF131}.Debug|Any CPU.ActiveCfg = Debug|Any CPU
		{6D770458-61B9-4774-AC65-4179F38BF131}.Debug|Any CPU.Build.0 = Debug|Any CPU
		{6D770458-61B9-4774-AC65-4179F38BF131}.Release|Any CPU.ActiveCfg = Release|Any CPU
		{6D770458-61B9-4774-AC65-4179F38BF131}.Release|Any CPU.Build.0 = Release|Any CPU
		{4220E76E-DFC3-4E45-8324-4F330E36265C}.Debug|Any CPU.ActiveCfg = Debug|Any CPU
		{4220E76E-DFC3-4E45-8324-4F330E36265C}.Debug|Any CPU.Build.0 = Debug|Any CPU
		{4220E76E-DFC3-4E45-8324-4F330E36265C}.Release|Any CPU.ActiveCfg = Release|Any CPU
		{4220E76E-DFC3-4E45-8324-4F330E36265C}.Release|Any CPU.Build.0 = Release|Any CPU
		{0AC5250B-0805-4324-B21A-864D5F8840C9}.Debug|Any CPU.ActiveCfg = Debug|Any CPU
		{0AC5250B-0805-4324-B21A-864D5F8840C9}.Debug|Any CPU.Build.0 = Debug|Any CPU
		{0AC5250B-0805-4324-B21A-864D5F8840C9}.Release|Any CPU.ActiveCfg = Release|Any CPU
		{0AC5250B-0805-4324-B21A-864D5F8840C9}.Release|Any CPU.Build.0 = Release|Any CPU
		{D67444FA-5BFF-4D68-966C-EADE1E01CF28}.Debug|Any CPU.ActiveCfg = Debug|Any CPU
		{D67444FA-5BFF-4D68-966C-EADE1E01CF28}.Debug|Any CPU.Build.0 = Debug|Any CPU
		{D67444FA-5BFF-4D68-966C-EADE1E01CF28}.Release|Any CPU.ActiveCfg = Release|Any CPU
		{D67444FA-5BFF-4D68-966C-EADE1E01CF28}.Release|Any CPU.Build.0 = Release|Any CPU
		{BF4615CA-5493-4259-8A9A-B4EB72760B47}.Debug|Any CPU.ActiveCfg = Debug|Any CPU
		{BF4615CA-5493-4259-8A9A-B4EB72760B47}.Debug|Any CPU.Build.0 = Debug|Any CPU
		{BF4615CA-5493-4259-8A9A-B4EB72760B47}.Release|Any CPU.ActiveCfg = Release|Any CPU
		{BF4615CA-5493-4259-8A9A-B4EB72760B47}.Release|Any CPU.Build.0 = Release|Any CPU
		{A7BF15B4-A6FA-44B5-9567-35391CFCDB5A}.Debug|Any CPU.ActiveCfg = Debug|Any CPU
		{A7BF15B4-A6FA-44B5-9567-35391CFCDB5A}.Debug|Any CPU.Build.0 = Debug|Any CPU
		{A7BF15B4-A6FA-44B5-9567-35391CFCDB5A}.Release|Any CPU.ActiveCfg = Release|Any CPU
		{A7BF15B4-A6FA-44B5-9567-35391CFCDB5A}.Release|Any CPU.Build.0 = Release|Any CPU
	EndGlobalSection
	GlobalSection(SolutionProperties) = preSolution
		HideSolutionNode = FALSE
	EndGlobalSection
EndGlobal
