
Microsoft Visual Studio Solution File, Format Version 12.00
# Visual Studio Version 17
VisualStudioVersion = 17.12.35506.116
MinimumVisualStudioVersion = 10.0.40219.1
Project("{FAE04EC0-301F-11D3-BF4B-00C04F79EFBC}") = "Day01", "Day01\Day01.csproj", "{1B241842-34C7-4178-9629-EF5453ED4817}"
EndProject
Project("{FAE04EC0-301F-11D3-BF4B-00C04F79EFBC}") = "Day02", "Day02\Day02.csproj", "{F895725C-51DF-4052-B555-C23AB0DC8AE1}"
EndProject
Project("{FAE04EC0-301F-11D3-BF4B-00C04F79EFBC}") = "Day03", "Day03\Day03.csproj", "{389DAF21-303D-4841-8302-651149FE0A3D}"
EndProject
Project("{FAE04EC0-301F-11D3-BF4B-00C04F79EFBC}") = "Day04", "Day04\Day04.csproj", "{9A1A44FF-6893-4D8C-B039-B76A9E8CB57E}"
EndProject
Project("{FAE04EC0-301F-11D3-BF4B-00C04F79EFBC}") = "Day05", "Day05\Day05.csproj", "{7A1BB9A6-CB65-40F5-A422-1517DAF8FE55}"
EndProject
Project("{FAE04EC0-301F-11D3-BF4B-00C04F79EFBC}") = "Day06", "Day06\Day06.csproj", "{B66B9C88-CC0B-472D-B75E-8A9DA672595C}"
EndProject
Project("{FAE04EC0-301F-11D3-BF4B-00C04F79EFBC}") = "Day07", "Day07\Day07.csproj", "{AACAAC68-9580-4AFA-B6EF-372938677B06}"
EndProject
Global
	GlobalSection(SolutionConfigurationPlatforms) = preSolution
		Debug|Any CPU = Debug|Any CPU
		Release|Any CPU = Release|Any CPU
	EndGlobalSection
	GlobalSection(ProjectConfigurationPlatforms) = postSolution
		{1B241842-34C7-4178-9629-EF5453ED4817}.Debug|Any CPU.ActiveCfg = Debug|Any CPU
		{1B241842-34C7-4178-9629-EF5453ED4817}.Debug|Any CPU.Build.0 = Debug|Any CPU
		{1B241842-34C7-4178-9629-EF5453ED4817}.Release|Any CPU.ActiveCfg = Release|Any CPU
		{1B241842-34C7-4178-9629-EF5453ED4817}.Release|Any CPU.Build.0 = Release|Any CPU
		{F895725C-51DF-4052-B555-C23AB0DC8AE1}.Debug|Any CPU.ActiveCfg = Debug|Any CPU
		{F895725C-51DF-4052-B555-C23AB0DC8AE1}.Debug|Any CPU.Build.0 = Debug|Any CPU
		{F895725C-51DF-4052-B555-C23AB0DC8AE1}.Release|Any CPU.ActiveCfg = Release|Any CPU
		{F895725C-51DF-4052-B555-C23AB0DC8AE1}.Release|Any CPU.Build.0 = Release|Any CPU
		{389DAF21-303D-4841-8302-651149FE0A3D}.Debug|Any CPU.ActiveCfg = Debug|Any CPU
		{389DAF21-303D-4841-8302-651149FE0A3D}.Debug|Any CPU.Build.0 = Debug|Any CPU
		{389DAF21-303D-4841-8302-651149FE0A3D}.Release|Any CPU.ActiveCfg = Release|Any CPU
		{389DAF21-303D-4841-8302-651149FE0A3D}.Release|Any CPU.Build.0 = Release|Any CPU
		{9A1A44FF-6893-4D8C-B039-B76A9E8CB57E}.Debug|Any CPU.ActiveCfg = Debug|Any CPU
		{9A1A44FF-6893-4D8C-B039-B76A9E8CB57E}.Debug|Any CPU.Build.0 = Debug|Any CPU
		{9A1A44FF-6893-4D8C-B039-B76A9E8CB57E}.Release|Any CPU.ActiveCfg = Release|Any CPU
		{9A1A44FF-6893-4D8C-B039-B76A9E8CB57E}.Release|Any CPU.Build.0 = Release|Any CPU
		{7A1BB9A6-CB65-40F5-A422-1517DAF8FE55}.Debug|Any CPU.ActiveCfg = Debug|Any CPU
		{7A1BB9A6-CB65-40F5-A422-1517DAF8FE55}.Debug|Any CPU.Build.0 = Debug|Any CPU
		{7A1BB9A6-CB65-40F5-A422-1517DAF8FE55}.Release|Any CPU.ActiveCfg = Release|Any CPU
		{7A1BB9A6-CB65-40F5-A422-1517DAF8FE55}.Release|Any CPU.Build.0 = Release|Any CPU
		{B66B9C88-CC0B-472D-B75E-8A9DA672595C}.Debug|Any CPU.ActiveCfg = Debug|Any CPU
		{B66B9C88-CC0B-472D-B75E-8A9DA672595C}.Debug|Any CPU.Build.0 = Debug|Any CPU
		{B66B9C88-CC0B-472D-B75E-8A9DA672595C}.Release|Any CPU.ActiveCfg = Release|Any CPU
		{B66B9C88-CC0B-472D-B75E-8A9DA672595C}.Release|Any CPU.Build.0 = Release|Any CPU
		{AACAAC68-9580-4AFA-B6EF-372938677B06}.Debug|Any CPU.ActiveCfg = Debug|Any CPU
		{AACAAC68-9580-4AFA-B6EF-372938677B06}.Debug|Any CPU.Build.0 = Debug|Any CPU
		{AACAAC68-9580-4AFA-B6EF-372938677B06}.Release|Any CPU.ActiveCfg = Release|Any CPU
		{AACAAC68-9580-4AFA-B6EF-372938677B06}.Release|Any CPU.Build.0 = Release|Any CPU
	EndGlobalSection
	GlobalSection(SolutionProperties) = preSolution
		HideSolutionNode = FALSE
	EndGlobalSection
EndGlobal
